// !$*UTF8*$!
{
	archiveVersion = 1;
	classes = {
	};
	objectVersion = 46;
	objects = {

/* Begin PBXBuildFile section */
		A4A3BBA618AD392500AD0878 /* Foundation.framework in Frameworks */ = {isa = PBXBuildFile; fileRef = A4A3BBA518AD392500AD0878 /* Foundation.framework */; };
		A4A3BBA818AD392500AD0878 /* CoreGraphics.framework in Frameworks */ = {isa = PBXBuildFile; fileRef = A4A3BBA718AD392500AD0878 /* CoreGraphics.framework */; };
		A4A3BBAA18AD392500AD0878 /* UIKit.framework in Frameworks */ = {isa = PBXBuildFile; fileRef = A4A3BBA918AD392500AD0878 /* UIKit.framework */; };
		A4A3BBB018AD392500AD0878 /* InfoPlist.strings in Resources */ = {isa = PBXBuildFile; fileRef = A4A3BBAE18AD392500AD0878 /* InfoPlist.strings */; };
		A4A3BBB218AD392500AD0878 /* main.m in Sources */ = {isa = PBXBuildFile; fileRef = A4A3BBB118AD392500AD0878 /* main.m */; };
		A4A3BBB618AD392500AD0878 /* Practice1AppDelegate.m in Sources */ = {isa = PBXBuildFile; fileRef = A4A3BBB518AD392500AD0878 /* Practice1AppDelegate.m */; };
		A4A3BBB818AD392500AD0878 /* Images.xcassets in Resources */ = {isa = PBXBuildFile; fileRef = A4A3BBB718AD392500AD0878 /* Images.xcassets */; };
		A4A3BBBF18AD392500AD0878 /* XCTest.framework in Frameworks */ = {isa = PBXBuildFile; fileRef = A4A3BBBE18AD392500AD0878 /* XCTest.framework */; };
		A4A3BBC018AD392500AD0878 /* Foundation.framework in Frameworks */ = {isa = PBXBuildFile; fileRef = A4A3BBA518AD392500AD0878 /* Foundation.framework */; };
		A4A3BBC118AD392500AD0878 /* UIKit.framework in Frameworks */ = {isa = PBXBuildFile; fileRef = A4A3BBA918AD392500AD0878 /* UIKit.framework */; };
		A4A3BBC918AD392500AD0878 /* InfoPlist.strings in Resources */ = {isa = PBXBuildFile; fileRef = A4A3BBC718AD392500AD0878 /* InfoPlist.strings */; };
		A4A3BBCB18AD392500AD0878 /* Practice1Tests.m in Sources */ = {isa = PBXBuildFile; fileRef = A4A3BBCA18AD392500AD0878 /* Practice1Tests.m */; };
/* End PBXBuildFile section */

/* Begin PBXContainerItemProxy section */
		A4A3BBC218AD392500AD0878 /* PBXContainerItemProxy */ = {
			isa = PBXContainerItemProxy;
			containerPortal = A4A3BB9A18AD392400AD0878 /* Project object */;
			proxyType = 1;
			remoteGlobalIDString = A4A3BBA118AD392400AD0878;
			remoteInfo = Practice1;
		};
/* End PBXContainerItemProxy section */

/* Begin PBXFileReference section */
		A4A3BBA218AD392400AD0878 /* Practice1.app */ = {isa = PBXFileReference; explicitFileType = wrapper.application; includeInIndex = 0; path = Practice1.app; sourceTree = BUILT_PRODUCTS_DIR; };
		A4A3BBA518AD392500AD0878 /* Foundation.framework */ = {isa = PBXFileReference; lastKnownFileType = wrapper.framework; name = Foundation.framework; path = System/Library/Frameworks/Foundation.framework; sourceTree = SDKROOT; };
		A4A3BBA718AD392500AD0878 /* CoreGraphics.framework */ = {isa = PBXFileReference; lastKnownFileType = wrapper.framework; name = CoreGraphics.framework; path = System/Library/Frameworks/CoreGraphics.framework; sourceTree = SDKROOT; };
		A4A3BBA918AD392500AD0878 /* UIKit.framework */ = {isa = PBXFileReference; lastKnownFileType = wrapper.framework; name = UIKit.framework; path = System/Library/Frameworks/UIKit.framework; sourceTree = SDKROOT; };
		A4A3BBAD18AD392500AD0878 /* Practice1-Info.plist */ = {isa = PBXFileReference; lastKnownFileType = text.plist.xml; path = "Practice1-Info.plist"; sourceTree = "<group>"; };
		A4A3BBAF18AD392500AD0878 /* en */ = {isa = PBXFileReference; lastKnownFileType = text.plist.strings; name = en; path = en.lproj/InfoPlist.strings; sourceTree = "<group>"; };
		A4A3BBB118AD392500AD0878 /* main.m */ = {isa = PBXFileReference; lastKnownFileType = sourcecode.c.objc; path = main.m; sourceTree = "<group>"; };
		A4A3BBB318AD392500AD0878 /* Practice1-Prefix.pch */ = {isa = PBXFileReference; lastKnownFileType = sourcecode.c.h; path = "Practice1-Prefix.pch"; sourceTree = "<group>"; };
		A4A3BBB418AD392500AD0878 /* Practice1AppDelegate.h */ = {isa = PBXFileReference; lastKnownFileType = sourcecode.c.h; path = Practice1AppDelegate.h; sourceTree = "<group>"; };
		A4A3BBB518AD392500AD0878 /* Practice1AppDelegate.m */ = {isa = PBXFileReference; lastKnownFileType = sourcecode.c.objc; path = Practice1AppDelegate.m; sourceTree = "<group>"; };
		A4A3BBB718AD392500AD0878 /* Images.xcassets */ = {isa = PBXFileReference; lastKnownFileType = folder.assetcatalog; path = Images.xcassets; sourceTree = "<group>"; };
		A4A3BBBD18AD392500AD0878 /* Practice1Tests.xctest */ = {isa = PBXFileReference; explicitFileType = wrapper.cfbundle; includeInIndex = 0; path = Practice1Tests.xctest; sourceTree = BUILT_PRODUCTS_DIR; };
		A4A3BBBE18AD392500AD0878 /* XCTest.framework */ = {isa = PBXFileReference; lastKnownFileType = wrapper.framework; name = XCTest.framework; path = Library/Frameworks/XCTest.framework; sourceTree = DEVELOPER_DIR; };
		A4A3BBC618AD392500AD0878 /* Practice1Tests-Info.plist */ = {isa = PBXFileReference; lastKnownFileType = text.plist.xml; path = "Practice1Tests-Info.plist"; sourceTree = "<group>"; };
		A4A3BBC818AD392500AD0878 /* en */ = {isa = PBXFileReference; lastKnownFileType = text.plist.strings; name = en; path = en.lproj/InfoPlist.strings; sourceTree = "<group>"; };
		A4A3BBCA18AD392500AD0878 /* Practice1Tests.m */ = {isa = PBXFileReference; lastKnownFileType = sourcecode.c.objc; path = Practice1Tests.m; sourceTree = "<group>"; };
/* End PBXFileReference section */

/* Begin PBXFrameworksBuildPhase section */
		A4A3BB9F18AD392400AD0878 /* Frameworks */ = {
			isa = PBXFrameworksBuildPhase;
			buildActionMask = 2147483647;
			files = (
				A4A3BBA818AD392500AD0878 /* CoreGraphics.framework in Frameworks */,
				A4A3BBAA18AD392500AD0878 /* UIKit.framework in Frameworks */,
				A4A3BBA618AD392500AD0878 /* Foundation.framework in Frameworks */,
			);
			runOnlyForDeploymentPostprocessing = 0;
		};
		A4A3BBBA18AD392500AD0878 /* Frameworks */ = {
			isa = PBXFrameworksBuildPhase;
			buildActionMask = 2147483647;
			files = (
				A4A3BBBF18AD392500AD0878 /* XCTest.framework in Frameworks */,
				A4A3BBC118AD392500AD0878 /* UIKit.framework in Frameworks */,
				A4A3BBC018AD392500AD0878 /* Foundation.framework in Frameworks */,
			);
			runOnlyForDeploymentPostprocessing = 0;
		};
/* End PBXFrameworksBuildPhase section */

/* Begin PBXGroup section */
		A4A3BB9918AD392400AD0878 = {
			isa = PBXGroup;
			children = (
				A4A3BBAB18AD392500AD0878 /* Practice1 */,
				A4A3BBC418AD392500AD0878 /* Practice1Tests */,
				A4A3BBA418AD392500AD0878 /* Frameworks */,
				A4A3BBA318AD392400AD0878 /* Products */,
			);
			sourceTree = "<group>";
		};
		A4A3BBA318AD392400AD0878 /* Products */ = {
			isa = PBXGroup;
			children = (
				A4A3BBA218AD392400AD0878 /* Practice1.app */,
				A4A3BBBD18AD392500AD0878 /* Practice1Tests.xctest */,
			);
			name = Products;
			sourceTree = "<group>";
		};
		A4A3BBA418AD392500AD0878 /* Frameworks */ = {
			isa = PBXGroup;
			children = (
				A4A3BBA518AD392500AD0878 /* Foundation.framework */,
				A4A3BBA718AD392500AD0878 /* CoreGraphics.framework */,
				A4A3BBA918AD392500AD0878 /* UIKit.framework */,
				A4A3BBBE18AD392500AD0878 /* XCTest.framework */,
			);
			name = Frameworks;
			sourceTree = "<group>";
		};
		A4A3BBAB18AD392500AD0878 /* Practice1 */ = {
			isa = PBXGroup;
			children = (
				A4A3BBB418AD392500AD0878 /* Practice1AppDelegate.h */,
				A4A3BBB518AD392500AD0878 /* Practice1AppDelegate.m */,
				A4A3BBB718AD392500AD0878 /* Images.xcassets */,
				A4A3BBAC18AD392500AD0878 /* Supporting Files */,
			);
			path = Practice1;
			sourceTree = "<group>";
		};
		A4A3BBAC18AD392500AD0878 /* Supporting Files */ = {
			isa = PBXGroup;
			children = (
				A4A3BBAD18AD392500AD0878 /* Practice1-Info.plist */,
				A4A3BBAE18AD392500AD0878 /* InfoPlist.strings */,
				A4A3BBB118AD392500AD0878 /* main.m */,
				A4A3BBB318AD392500AD0878 /* Practice1-Prefix.pch */,
			);
			name = "Supporting Files";
			sourceTree = "<group>";
		};
		A4A3BBC418AD392500AD0878 /* Practice1Tests */ = {
			isa = PBXGroup;
			children = (
				A4A3BBCA18AD392500AD0878 /* Practice1Tests.m */,
				A4A3BBC518AD392500AD0878 /* Supporting Files */,
			);
			path = Practice1Tests;
			sourceTree = "<group>";
		};
		A4A3BBC518AD392500AD0878 /* Supporting Files */ = {
			isa = PBXGroup;
			children = (
				A4A3BBC618AD392500AD0878 /* Practice1Tests-Info.plist */,
				A4A3BBC718AD392500AD0878 /* InfoPlist.strings */,
			);
			name = "Supporting Files";
			sourceTree = "<group>";
		};
/* End PBXGroup section */

/* Begin PBXNativeTarget section */
		A4A3BBA118AD392400AD0878 /* Practice1 */ = {
			isa = PBXNativeTarget;
			buildConfigurationList = A4A3BBCE18AD392500AD0878 /* Build configuration list for PBXNativeTarget "Practice1" */;
			buildPhases = (
				A4A3BB9E18AD392400AD0878 /* Sources */,
				A4A3BB9F18AD392400AD0878 /* Frameworks */,
				A4A3BBA018AD392400AD0878 /* Resources */,
			);
			buildRules = (
			);
			dependencies = (
			);
			name = Practice1;
			productName = Practice1;
			productReference = A4A3BBA218AD392400AD0878 /* Practice1.app */;
			productType = "com.apple.product-type.application";
		};
		A4A3BBBC18AD392500AD0878 /* Practice1Tests */ = {
			isa = PBXNativeTarget;
			buildConfigurationList = A4A3BBD118AD392500AD0878 /* Build configuration list for PBXNativeTarget "Practice1Tests" */;
			buildPhases = (
				A4A3BBB918AD392500AD0878 /* Sources */,
				A4A3BBBA18AD392500AD0878 /* Frameworks */,
				A4A3BBBB18AD392500AD0878 /* Resources */,
			);
			buildRules = (
			);
			dependencies = (
				A4A3BBC318AD392500AD0878 /* PBXTargetDependency */,
			);
			name = Practice1Tests;
			productName = Practice1Tests;
			productReference = A4A3BBBD18AD392500AD0878 /* Practice1Tests.xctest */;
			productType = "com.apple.product-type.bundle.unit-test";
		};
/* End PBXNativeTarget section */

/* Begin PBXProject section */
		A4A3BB9A18AD392400AD0878 /* Project object */ = {
			isa = PBXProject;
			attributes = {
				CLASSPREFIX = Practice1;
				LastUpgradeCheck = 0500;
				ORGANIZATIONNAME = "Michael Toth";
				TargetAttributes = {
					A4A3BBBC18AD392500AD0878 = {
						TestTargetID = A4A3BBA118AD392400AD0878;
					};
				};
			};
			buildConfigurationList = A4A3BB9D18AD392400AD0878 /* Build configuration list for PBXProject "Practice1" */;
			compatibilityVersion = "Xcode 3.2";
			developmentRegion = English;
			hasScannedForEncodings = 0;
			knownRegions = (
				en,
			);
			mainGroup = A4A3BB9918AD392400AD0878;
			productRefGroup = A4A3BBA318AD392400AD0878 /* Products */;
			projectDirPath = "";
			projectRoot = "";
			targets = (
				A4A3BBA118AD392400AD0878 /* Practice1 */,
				A4A3BBBC18AD392500AD0878 /* Practice1Tests */,
			);
		};
/* End PBXProject section */

/* Begin PBXResourcesBuildPhase section */
		A4A3BBA018AD392400AD0878 /* Resources */ = {
			isa = PBXResourcesBuildPhase;
			buildActionMask = 2147483647;
			files = (
				A4A3BBB018AD392500AD0878 /* InfoPlist.strings in Resources */,
				A4A3BBB818AD392500AD0878 /* Images.xcassets in Resources */,
			);
			runOnlyForDeploymentPostprocessing = 0;
		};
		A4A3BBBB18AD392500AD0878 /* Resources */ = {
			isa = PBXResourcesBuildPhase;
			buildActionMask = 2147483647;
			files = (
				A4A3BBC918AD392500AD0878 /* InfoPlist.strings in Resources */,
			);
			runOnlyForDeploymentPostprocessing = 0;
		};
/* End PBXResourcesBuildPhase section */

/* Begin PBXSourcesBuildPhase section */
		A4A3BB9E18AD392400AD0878 /* Sources */ = {
			isa = PBXSourcesBuildPhase;
			buildActionMask = 2147483647;
			files = (
				A4A3BBB218AD392500AD0878 /* main.m in Sources */,
				A4A3BBB618AD392500AD0878 /* Practice1AppDelegate.m in Sources */,
			);
			runOnlyForDeploymentPostprocessing = 0;
		};
		A4A3BBB918AD392500AD0878 /* Sources */ = {
			isa = PBXSourcesBuildPhase;
			buildActionMask = 2147483647;
			files = (
				A4A3BBCB18AD392500AD0878 /* Practice1Tests.m in Sources */,
			);
			runOnlyForDeploymentPostprocessing = 0;
		};
/* End PBXSourcesBuildPhase section */

/* Begin PBXTargetDependency section */
		A4A3BBC318AD392500AD0878 /* PBXTargetDependency */ = {
			isa = PBXTargetDependency;
			target = A4A3BBA118AD392400AD0878 /* Practice1 */;
			targetProxy = A4A3BBC218AD392500AD0878 /* PBXContainerItemProxy */;
		};
/* End PBXTargetDependency section */

/* Begin PBXVariantGroup section */
		A4A3BBAE18AD392500AD0878 /* InfoPlist.strings */ = {
			isa = PBXVariantGroup;
			children = (
				A4A3BBAF18AD392500AD0878 /* en */,
			);
			name = InfoPlist.strings;
			sourceTree = "<group>";
		};
		A4A3BBC718AD392500AD0878 /* InfoPlist.strings */ = {
			isa = PBXVariantGroup;
			children = (
				A4A3BBC818AD392500AD0878 /* en */,
			);
			name = InfoPlist.strings;
			sourceTree = "<group>";
		};
/* End PBXVariantGroup section */

/* Begin XCBuildConfiguration section */
		A4A3BBCC18AD392500AD0878 /* Debug */ = {
			isa = XCBuildConfiguration;
			buildSettings = {
				ALWAYS_SEARCH_USER_PATHS = NO;
				ARCHS = "$(ARCHS_STANDARD_INCLUDING_64_BIT)";
				CLANG_CXX_LANGUAGE_STANDARD = "gnu++0x";
				CLANG_CXX_LIBRARY = "libc++";
				CLANG_ENABLE_MODULES = YES;
				CLANG_ENABLE_OBJC_ARC = YES;
				CLANG_WARN_BOOL_CONVERSION = YES;
				CLANG_WARN_CONSTANT_CONVERSION = YES;
				CLANG_WARN_DIRECT_OBJC_ISA_USAGE = YES_ERROR;
				CLANG_WARN_EMPTY_BODY = YES;
				CLANG_WARN_ENUM_CONVERSION = YES;
				CLANG_WARN_INT_CONVERSION = YES;
				CLANG_WARN_OBJC_ROOT_CLASS = YES_ERROR;
				CLANG_WARN__DUPLICATE_METHOD_MATCH = YES;
				"CODE_SIGN_IDENTITY[sdk=iphoneos*]" = "iPhone Developer";
				COPY_PHASE_STRIP = NO;
				GCC_C_LANGUAGE_STANDARD = gnu99;
				GCC_DYNAMIC_NO_PIC = NO;
				GCC_OPTIMIZATION_LEVEL = 0;
				GCC_PREPROCESSOR_DEFINITIONS = (
					"DEBUG=1",
					"$(inherited)",
				);
				GCC_SYMBOLS_PRIVATE_EXTERN = NO;
				GCC_WARN_64_TO_32_BIT_CONVERSION = YES;
				GCC_WARN_ABOUT_RETURN_TYPE = YES_ERROR;
				GCC_WARN_UNDECLARED_SELECTOR = YES;
				GCC_WARN_UNINITIALIZED_AUTOS = YES;
				GCC_WARN_UNUSED_FUNCTION = YES;
				GCC_WARN_UNUSED_VARIABLE = YES;
				IPHONEOS_DEPLOYMENT_TARGET = 7.0;
				ONLY_ACTIVE_ARCH = YES;
				SDKROOT = iphoneos;
			};
			name = Debug;
		};
		A4A3BBCD18AD392500AD0878 /* Release */ = {
			isa = XCBuildConfiguration;
			buildSettings = {
				ALWAYS_SEARCH_USER_PATHS = NO;
				ARCHS = "$(ARCHS_STANDARD_INCLUDING_64_BIT)";
				CLANG_CXX_LANGUAGE_STANDARD = "gnu++0x";
				CLANG_CXX_LIBRARY = "libc++";
				CLANG_ENABLE_MODULES = YES;
				CLANG_ENABLE_OBJC_ARC = YES;
				CLANG_WARN_BOOL_CONVERSION = YES;
				CLANG_WARN_CONSTANT_CONVERSION = YES;
				CLANG_WARN_DIRECT_OBJC_ISA_USAGE = YES_ERROR;
				CLANG_WARN_EMPTY_BODY = YES;
				CLANG_WARN_ENUM_CONVERSION = YES;
				CLANG_WARN_INT_CONVERSION = YES;
				CLANG_WARN_OBJC_ROOT_CLASS = YES_ERROR;
				CLANG_WARN__DUPLICATE_METHOD_MATCH = YES;
				"CODE_SIGN_IDENTITY[sdk=iphoneos*]" = "iPhone Developer";
				COPY_PHASE_STRIP = YES;
				ENABLE_NS_ASSERTIONS = NO;
				GCC_C_LANGUAGE_STANDARD = gnu99;
				GCC_WARN_64_TO_32_BIT_CONVERSION = YES;
				GCC_WARN_ABOUT_RETURN_TYPE = YES_ERROR;
				GCC_WARN_UNDECLARED_SELECTOR = YES;
				GCC_WARN_UNINITIALIZED_AUTOS = YES;
				GCC_WARN_UNUSED_FUNCTION = YES;
				GCC_WARN_UNUSED_VARIABLE = YES;
				IPHONEOS_DEPLOYMENT_TARGET = 7.0;
				SDKROOT = iphoneos;
				VALIDATE_PRODUCT = YES;
			};
			name = Release;
		};
		A4A3BBCF18AD392500AD0878 /* Debug */ = {
			isa = XCBuildConfiguration;
			buildSettings = {
				ASSETCATALOG_COMPILER_APPICON_NAME = AppIcon;
				ASSETCATALOG_COMPILER_LAUNCHIMAGE_NAME = LaunchImage;
				GCC_PRECOMPILE_PREFIX_HEADER = YES;
				GCC_PREFIX_HEADER = "Practice1/Practice1-Prefix.pch";
				INFOPLIST_FILE = "Practice1/Practice1-Info.plist";
				PRODUCT_NAME = "$(TARGET_NAME)";
				WRAPPER_EXTENSION = app;
			};
			name = Debug;
		};
		A4A3BBD018AD392500AD0878 /* Release */ = {
			isa = XCBuildConfiguration;
			buildSettings = {
				ASSETCATALOG_COMPILER_APPICON_NAME = AppIcon;
				ASSETCATALOG_COMPILER_LAUNCHIMAGE_NAME = LaunchImage;
				GCC_PRECOMPILE_PREFIX_HEADER = YES;
				GCC_PREFIX_HEADER = "Practice1/Practice1-Prefix.pch";
				INFOPLIST_FILE = "Practice1/Practice1-Info.plist";
				PRODUCT_NAME = "$(TARGET_NAME)";
				WRAPPER_EXTENSION = app;
			};
			name = Release;
		};
		A4A3BBD218AD392500AD0878 /* Debug */ = {
			isa = XCBuildConfiguration;
			buildSettings = {
				ARCHS = "$(ARCHS_STANDARD_INCLUDING_64_BIT)";
				BUNDLE_LOADER = "$(BUILT_PRODUCTS_DIR)/Practice1.app/Practice1";
				FRAMEWORK_SEARCH_PATHS = (
					"$(SDKROOT)/Developer/Library/Frameworks",
					"$(inherited)",
					"$(DEVELOPER_FRAMEWORKS_DIR)",
				);
				GCC_PRECOMPILE_PREFIX_HEADER = YES;
				GCC_PREFIX_HEADER = "Practice1/Practice1-Prefix.pch";
				GCC_PREPROCESSOR_DEFINITIONS = (
					"DEBUG=1",
					"$(inherited)",
				);
				INFOPLIST_FILE = "Practice1Tests/Practice1Tests-Info.plist";
				PRODUCT_NAME = "$(TARGET_NAME)";
				TEST_HOST = "$(BUNDLE_LOADER)";
				WRAPPER_EXTENSION = xctest;
			};
			name = Debug;
		};
		A4A3BBD318AD392500AD0878 /* Release */ = {
			isa = XCBuildConfiguration;
			buildSettings = {
				ARCHS = "$(ARCHS_STANDARD_INCLUDING_64_BIT)";
				BUNDLE_LOADER = "$(BUILT_PRODUCTS_DIR)/Practice1.app/Practice1";
				FRAMEWORK_SEARCH_PATHS = (
					"$(SDKROOT)/Developer/Library/Frameworks",
					"$(inherited)",
					"$(DEVELOPER_FRAMEWORKS_DIR)",
				);
				GCC_PRECOMPILE_PREFIX_HEADER = YES;
				GCC_PREFIX_HEADER = "Practice1/Practice1-Prefix.pch";
				INFOPLIST_FILE = "Practice1Tests/Practice1Tests-Info.plist";
				PRODUCT_NAME = "$(TARGET_NAME)";
				TEST_HOST = "$(BUNDLE_LOADER)";
				WRAPPER_EXTENSION = xctest;
			};
			name = Release;
		};
/* End XCBuildConfiguration section */

/* Begin XCConfigurationList section */
		A4A3BB9D18AD392400AD0878 /* Build configuration list for PBXProject "Practice1" */ = {
			isa = XCConfigurationList;
			buildConfigurations = (
				A4A3BBCC18AD392500AD0878 /* Debug */,
				A4A3BBCD18AD392500AD0878 /* Release */,
			);
			defaultConfigurationIsVisible = 0;
			defaultConfigurationName = Release;
		};
		A4A3BBCE18AD392500AD0878 /* Build configuration list for PBXNativeTarget "Practice1" */ = {
			isa = XCConfigurationList;
			buildConfigurations = (
				A4A3BBCF18AD392500AD0878 /* Debug */,
				A4A3BBD018AD392500AD0878 /* Release */,
			);
			defaultConfigurationIsVisible = 0;
		};
		A4A3BBD118AD392500AD0878 /* Build configuration list for PBXNativeTarget "Practice1Tests" */ = {
			isa = XCConfigurationList;
			buildConfigurations = (
				A4A3BBD218AD392500AD0878 /* Debug */,
				A4A3BBD318AD392500AD0878 /* Release */,
			);
			defaultConfigurationIsVisible = 0;
		};
/* End XCConfigurationList section */
	};
	rootObject = A4A3BB9A18AD392400AD0878 /* Project object */;
}
